
Microsoft Visual Studio Solution File, Format Version 12.00
# Visual Studio Version 16
VisualStudioVersion = 16.0.29009.5
MinimumVisualStudioVersion = 10.0.40219.1
Project("{FAE04EC0-301F-11D3-BF4B-00C04F79EFBC}") = "Reface.AppStarter.WebApi", "Reface.AppStarter.WebApi\Reface.AppStarter.WebApi\Reface.AppStarter.WebApi.csproj", "{1252F7E1-1836-4582-B745-2E159CDDB69F}"
EndProject
Project("{2150E333-8FDC-42A3-9474-1A3956D46DE8}") = "Tests", "Tests", "{F5775814-B839-4E0A-BB12-062017A63B56}"
EndProject
Project("{FAE04EC0-301F-11D3-BF4B-00C04F79EFBC}") = "WebApplication1", "Reface.AppStarter.WebApi\WebApplication1\WebApplication1.csproj", "{549209F6-5220-4948-A74B-C1805D001F3D}"
EndProject
Project("{FAE04EC0-301F-11D3-BF4B-00C04F79EFBC}") = "Helpers", "Reface.AppStarter.WebApi\Helpers\Helpers.csproj", "{B9C25AD2-D2DF-45E1-8D5B-6FE53E4504BA}"
EndProject
Global
	GlobalSection(SolutionConfigurationPlatforms) = preSolution
		Debug|Any CPU = Debug|Any CPU
		Release|Any CPU = Release|Any CPU
	EndGlobalSection
	GlobalSection(ProjectConfigurationPlatforms) = postSolution
		{1252F7E1-1836-4582-B745-2E159CDDB69F}.Debug|Any CPU.ActiveCfg = Debug|Any CPU
		{1252F7E1-1836-4582-B745-2E159CDDB69F}.Debug|Any CPU.Build.0 = Debug|Any CPU
		{1252F7E1-1836-4582-B745-2E159CDDB69F}.Release|Any CPU.ActiveCfg = Release|Any CPU
		{1252F7E1-1836-4582-B745-2E159CDDB69F}.Release|Any CPU.Build.0 = Release|Any CPU
		{549209F6-5220-4948-A74B-C1805D001F3D}.Debug|Any CPU.ActiveCfg = Debug|Any CPU
		{549209F6-5220-4948-A74B-C1805D001F3D}.Debug|Any CPU.Build.0 = Debug|Any CPU
		{549209F6-5220-4948-A74B-C1805D001F3D}.Release|Any CPU.ActiveCfg = Release|Any CPU
		{549209F6-5220-4948-A74B-C1805D001F3D}.Release|Any CPU.Build.0 = Release|Any CPU
		{B9C25AD2-D2DF-45E1-8D5B-6FE53E4504BA}.Debug|Any CPU.ActiveCfg = Debug|Any CPU
		{B9C25AD2-D2DF-45E1-8D5B-6FE53E4504BA}.Debug|Any CPU.Build.0 = Debug|Any CPU
		{B9C25AD2-D2DF-45E1-8D5B-6FE53E4504BA}.Release|Any CPU.ActiveCfg = Release|Any CPU
		{B9C25AD2-D2DF-45E1-8D5B-6FE53E4504BA}.Release|Any CPU.Build.0 = Release|Any CPU
	EndGlobalSection
	GlobalSection(SolutionProperties) = preSolution
		HideSolutionNode = FALSE
	EndGlobalSection
	GlobalSection(NestedProjects) = preSolution
		{549209F6-5220-4948-A74B-C1805D001F3D} = {F5775814-B839-4E0A-BB12-062017A63B56}
		{B9C25AD2-D2DF-45E1-8D5B-6FE53E4504BA} = {F5775814-B839-4E0A-BB12-062017A63B56}
	EndGlobalSection
	GlobalSection(ExtensibilityGlobals) = postSolution
		SolutionGuid = {10F2F6D0-8EB6-4218-A472-FD7313D950DE}
	EndGlobalSection
EndGlobal
